PODS:
  - MASShortcut (1.2.3)
  - RHPreferences (HEAD based on 1.0.0)
  - Sparkle (1.7.1)

DEPENDENCIES:
  - MASShortcut (from `https://github.com/xhacker/MASShortcut.git`, branch `menubar-webkit`)
  - RHPreferences (HEAD)
  - Sparkle (~> 1.7.1)

EXTERNAL SOURCES:
  MASShortcut:
    :branch: menubar-webkit
    :git: https://github.com/xhacker/MASShortcut.git

SPEC CHECKSUMS:
  MASShortcut: a1e29fd34567fcd249d00648548924c8e7639474
  RHPreferences: d0215102b7b8cd9f501655e5e7db2551ef4dc0e5
  Sparkle: fde5ffeb7bf01db28925499ce2a75977763af58a

COCOAPODS: 0.33.1
